// !$*UTF8*$!
{
	archiveVersion = 1;
	classes = {
	};
	objectVersion = 46;
	objects = {

/* Begin PBXBuildFile section */
		2B4576C01B7E2FA900A30AAD /* main.m in Sources */ = {isa = PBXBuildFile; fileRef = 2B4576BF1B7E2FA900A30AAD /* main.m */; };
		2B4576C31B7E2FA900A30AAD /* AppDelegate.m in Sources */ = {isa = PBXBuildFile; fileRef = 2B4576C21B7E2FA900A30AAD /* AppDelegate.m */; };
		2B4576C61B7E2FA900A30AAD /* ViewController.m in Sources */ = {isa = PBXBuildFile; fileRef = 2B4576C51B7E2FA900A30AAD /* ViewController.m */; };
		2B4576CB1B7E2FA900A30AAD /* Images.xcassets in Resources */ = {isa = PBXBuildFile; fileRef = 2B4576CA1B7E2FA900A30AAD /* Images.xcassets */; };
		2B4576DA1B7E2FA900A30AAD /* HSStartAppzChallengeTests.m in Sources */ = {isa = PBXBuildFile; fileRef = 2B4576D91B7E2FA900A30AAD /* HSStartAppzChallengeTests.m */; };
		2B4576E41B7E335A00A30AAD /* Default-568h@2x.png in Resources */ = {isa = PBXBuildFile; fileRef = 2B4576E31B7E335A00A30AAD /* Default-568h@2x.png */; };
		2B4576EA1B7E556900A30AAD /* HSUser.m in Sources */ = {isa = PBXBuildFile; fileRef = 2B4576E91B7E556900A30AAD /* HSUser.m */; };
		2B4576EE1B7E577400A30AAD /* HSUserModelView.m in Sources */ = {isa = PBXBuildFile; fileRef = 2B4576ED1B7E577400A30AAD /* HSUserModelView.m */; };
		2B4576F21B7E5E2C00A30AAD /* HSvalidator.m in Sources */ = {isa = PBXBuildFile; fileRef = 2B4576F11B7E5E2C00A30AAD /* HSvalidator.m */; };
		2B4576F61B7E614300A30AAD /* UIAlertView+Alerts.m in Sources */ = {isa = PBXBuildFile; fileRef = 2B4576F51B7E614300A30AAD /* UIAlertView+Alerts.m */; };
		2B4576FA1B7E622900A30AAD /* HSFormView.m in Sources */ = {isa = PBXBuildFile; fileRef = 2B4576F91B7E622900A30AAD /* HSFormView.m */; };
		2B4576FD1B7E71AA00A30AAD /* HSAnotherViewController.m in Sources */ = {isa = PBXBuildFile; fileRef = 2B4576FC1B7E71AA00A30AAD /* HSAnotherViewController.m */; };
		2B4577031B7E725A00A30AAD /* HSSomeView.m in Sources */ = {isa = PBXBuildFile; fileRef = 2B4577021B7E725A00A30AAD /* HSSomeView.m */; };
		2B67D1681B7F7C9A0024ADF4 /* UIImage+TextWriting.m in Sources */ = {isa = PBXBuildFile; fileRef = 2B67D1671B7F7C9A0024ADF4 /* UIImage+TextWriting.m */; };
		2B67D16A1B7F83B70024ADF4 /* tumblr_nrg4jiZM671twh2h7o1_500.jpg in Resources */ = {isa = PBXBuildFile; fileRef = 2B67D1691B7F83B70024ADF4 /* tumblr_nrg4jiZM671twh2h7o1_500.jpg */; };
/* End PBXBuildFile section */

/* Begin PBXContainerItemProxy section */
		2B4576D41B7E2FA900A30AAD /* PBXContainerItemProxy */ = {
			isa = PBXContainerItemProxy;
			containerPortal = 2B4576B21B7E2FA900A30AAD /* Project object */;
			proxyType = 1;
			remoteGlobalIDString = 2B4576B91B7E2FA900A30AAD;
			remoteInfo = HSStartAppzChallenge;
		};
/* End PBXContainerItemProxy section */

/* Begin PBXFileReference section */
		2B4576BA1B7E2FA900A30AAD /* HSStartAppzChallenge.app */ = {isa = PBXFileReference; explicitFileType = wrapper.application; includeInIndex = 0; path = HSStartAppzChallenge.app; sourceTree = BUILT_PRODUCTS_DIR; };
		2B4576BE1B7E2FA900A30AAD /* Info.plist */ = {isa = PBXFileReference; lastKnownFileType = text.plist.xml; path = Info.plist; sourceTree = "<group>"; };
		2B4576BF1B7E2FA900A30AAD /* main.m */ = {isa = PBXFileReference; lastKnownFileType = sourcecode.c.objc; path = main.m; sourceTree = "<group>"; };
		2B4576C11B7E2FA900A30AAD /* AppDelegate.h */ = {isa = PBXFileReference; lastKnownFileType = sourcecode.c.h; path = AppDelegate.h; sourceTree = "<group>"; };
		2B4576C21B7E2FA900A30AAD /* AppDelegate.m */ = {isa = PBXFileReference; lastKnownFileType = sourcecode.c.objc; path = AppDelegate.m; sourceTree = "<group>"; };
		2B4576C41B7E2FA900A30AAD /* ViewController.h */ = {isa = PBXFileReference; lastKnownFileType = sourcecode.c.h; path = ViewController.h; sourceTree = "<group>"; };
		2B4576C51B7E2FA900A30AAD /* ViewController.m */ = {isa = PBXFileReference; lastKnownFileType = sourcecode.c.objc; path = ViewController.m; sourceTree = "<group>"; };
		2B4576CA1B7E2FA900A30AAD /* Images.xcassets */ = {isa = PBXFileReference; lastKnownFileType = folder.assetcatalog; path = Images.xcassets; sourceTree = "<group>"; };
		2B4576D31B7E2FA900A30AAD /* HSStartAppzChallengeTests.xctest */ = {isa = PBXFileReference; explicitFileType = wrapper.cfbundle; includeInIndex = 0; path = HSStartAppzChallengeTests.xctest; sourceTree = BUILT_PRODUCTS_DIR; };
		2B4576D81B7E2FA900A30AAD /* Info.plist */ = {isa = PBXFileReference; lastKnownFileType = text.plist.xml; path = Info.plist; sourceTree = "<group>"; };
		2B4576D91B7E2FA900A30AAD /* HSStartAppzChallengeTests.m */ = {isa = PBXFileReference; lastKnownFileType = sourcecode.c.objc; path = HSStartAppzChallengeTests.m; sourceTree = "<group>"; };
		2B4576E31B7E335A00A30AAD /* Default-568h@2x.png */ = {isa = PBXFileReference; lastKnownFileType = image.png; path = "Default-568h@2x.png"; sourceTree = "<group>"; };
		2B4576E81B7E556900A30AAD /* HSUser.h */ = {isa = PBXFileReference; fileEncoding = 4; lastKnownFileType = sourcecode.c.h; path = HSUser.h; sourceTree = "<group>"; };
		2B4576E91B7E556900A30AAD /* HSUser.m */ = {isa = PBXFileReference; fileEncoding = 4; lastKnownFileType = sourcecode.c.objc; path = HSUser.m; sourceTree = "<group>"; };
		2B4576EC1B7E577400A30AAD /* HSUserModelView.h */ = {isa = PBXFileReference; fileEncoding = 4; lastKnownFileType = sourcecode.c.h; path = HSUserModelView.h; sourceTree = "<group>"; };
		2B4576ED1B7E577400A30AAD /* HSUserModelView.m */ = {isa = PBXFileReference; fileEncoding = 4; lastKnownFileType = sourcecode.c.objc; path = HSUserModelView.m; sourceTree = "<group>"; };
		2B4576F01B7E5E2C00A30AAD /* HSvalidator.h */ = {isa = PBXFileReference; fileEncoding = 4; lastKnownFileType = sourcecode.c.h; path = HSvalidator.h; sourceTree = "<group>"; };
		2B4576F11B7E5E2C00A30AAD /* HSvalidator.m */ = {isa = PBXFileReference; fileEncoding = 4; lastKnownFileType = sourcecode.c.objc; path = HSvalidator.m; sourceTree = "<group>"; };
		2B4576F41B7E614300A30AAD /* UIAlertView+Alerts.h */ = {isa = PBXFileReference; fileEncoding = 4; lastKnownFileType = sourcecode.c.h; path = "UIAlertView+Alerts.h"; sourceTree = "<group>"; };
		2B4576F51B7E614300A30AAD /* UIAlertView+Alerts.m */ = {isa = PBXFileReference; fileEncoding = 4; lastKnownFileType = sourcecode.c.objc; path = "UIAlertView+Alerts.m"; sourceTree = "<group>"; };
		2B4576F81B7E622900A30AAD /* HSFormView.h */ = {isa = PBXFileReference; fileEncoding = 4; lastKnownFileType = sourcecode.c.h; path = HSFormView.h; sourceTree = "<group>"; };
		2B4576F91B7E622900A30AAD /* HSFormView.m */ = {isa = PBXFileReference; fileEncoding = 4; lastKnownFileType = sourcecode.c.objc; path = HSFormView.m; sourceTree = "<group>"; };
		2B4576FB1B7E71AA00A30AAD /* HSAnotherViewController.h */ = {isa = PBXFileReference; fileEncoding = 4; lastKnownFileType = sourcecode.c.h; path = HSAnotherViewController.h; sourceTree = "<group>"; };
		2B4576FC1B7E71AA00A30AAD /* HSAnotherViewController.m */ = {isa = PBXFileReference; fileEncoding = 4; lastKnownFileType = sourcecode.c.objc; path = HSAnotherViewController.m; sourceTree = "<group>"; };
		2B4577011B7E725A00A30AAD /* HSSomeView.h */ = {isa = PBXFileReference; fileEncoding = 4; lastKnownFileType = sourcecode.c.h; path = HSSomeView.h; sourceTree = "<group>"; };
		2B4577021B7E725A00A30AAD /* HSSomeView.m */ = {isa = PBXFileReference; fileEncoding = 4; lastKnownFileType = sourcecode.c.objc; path = HSSomeView.m; sourceTree = "<group>"; };
		2B67D1661B7F7C9A0024ADF4 /* UIImage+TextWriting.h */ = {isa = PBXFileReference; fileEncoding = 4; lastKnownFileType = sourcecode.c.h; path = "UIImage+TextWriting.h"; sourceTree = "<group>"; };
		2B67D1671B7F7C9A0024ADF4 /* UIImage+TextWriting.m */ = {isa = PBXFileReference; fileEncoding = 4; lastKnownFileType = sourcecode.c.objc; path = "UIImage+TextWriting.m"; sourceTree = "<group>"; };
		2B67D1691B7F83B70024ADF4 /* tumblr_nrg4jiZM671twh2h7o1_500.jpg */ = {isa = PBXFileReference; lastKnownFileType = image.jpeg; path = tumblr_nrg4jiZM671twh2h7o1_500.jpg; sourceTree = "<group>"; };
/* End PBXFileReference section */

/* Begin PBXFrameworksBuildPhase section */
		2B4576B71B7E2FA900A30AAD /* Frameworks */ = {
			isa = PBXFrameworksBuildPhase;
			buildActionMask = 2147483647;
			files = (
			);
			runOnlyForDeploymentPostprocessing = 0;
		};
		2B4576D01B7E2FA900A30AAD /* Frameworks */ = {
			isa = PBXFrameworksBuildPhase;
			buildActionMask = 2147483647;
			files = (
			);
			runOnlyForDeploymentPostprocessing = 0;
		};
/* End PBXFrameworksBuildPhase section */

/* Begin PBXGroup section */
		2B4576B11B7E2FA900A30AAD = {
			isa = PBXGroup;
			children = (
				2B4576E31B7E335A00A30AAD /* Default-568h@2x.png */,
				2B4576BC1B7E2FA900A30AAD /* HSStartAppzChallenge */,
				2B4576D61B7E2FA900A30AAD /* HSStartAppzChallengeTests */,
				2B4576BB1B7E2FA900A30AAD /* Products */,
			);
			sourceTree = "<group>";
		};
		2B4576BB1B7E2FA900A30AAD /* Products */ = {
			isa = PBXGroup;
			children = (
				2B4576BA1B7E2FA900A30AAD /* HSStartAppzChallenge.app */,
				2B4576D31B7E2FA900A30AAD /* HSStartAppzChallengeTests.xctest */,
			);
			name = Products;
			sourceTree = "<group>";
		};
		2B4576BC1B7E2FA900A30AAD /* HSStartAppzChallenge */ = {
			isa = PBXGroup;
			children = (
				2B4576F71B7E621400A30AAD /* View */,
				2B4576F31B7E5F6700A30AAD /* Categories */,
				2B4576EF1B7E5E1900A30AAD /* Validator */,
				2B4576EB1B7E575F00A30AAD /* ModelView */,
				2B4576E71B7E555700A30AAD /* Model */,
				2B4576E51B7E338C00A30AAD /* AppDelegate */,
				2B4576E61B7E339800A30AAD /* ViewController */,
				2B4576BD1B7E2FA900A30AAD /* Supporting Files */,
			);
			path = HSStartAppzChallenge;
			sourceTree = "<group>";
		};
		2B4576BD1B7E2FA900A30AAD /* Supporting Files */ = {
			isa = PBXGroup;
			children = (
				2B4576CA1B7E2FA900A30AAD /* Images.xcassets */,
				2B67D1691B7F83B70024ADF4 /* tumblr_nrg4jiZM671twh2h7o1_500.jpg */,
				2B4576BE1B7E2FA900A30AAD /* Info.plist */,
				2B4576BF1B7E2FA900A30AAD /* main.m */,
			);
			name = "Supporting Files";
			sourceTree = "<group>";
		};
		2B4576D61B7E2FA900A30AAD /* HSStartAppzChallengeTests */ = {
			isa = PBXGroup;
			children = (
				2B4576D91B7E2FA900A30AAD /* HSStartAppzChallengeTests.m */,
				2B4576D71B7E2FA900A30AAD /* Supporting Files */,
			);
			path = HSStartAppzChallengeTests;
			sourceTree = "<group>";
		};
		2B4576D71B7E2FA900A30AAD /* Supporting Files */ = {
			isa = PBXGroup;
			children = (
				2B4576D81B7E2FA900A30AAD /* Info.plist */,
			);
			name = "Supporting Files";
			sourceTree = "<group>";
		};
		2B4576E51B7E338C00A30AAD /* AppDelegate */ = {
			isa = PBXGroup;
			children = (
				2B4576C11B7E2FA900A30AAD /* AppDelegate.h */,
				2B4576C21B7E2FA900A30AAD /* AppDelegate.m */,
			);
			name = AppDelegate;
			sourceTree = "<group>";
		};
		2B4576E61B7E339800A30AAD /* ViewController */ = {
			isa = PBXGroup;
			children = (
				2B4576C41B7E2FA900A30AAD /* ViewController.h */,
				2B4576C51B7E2FA900A30AAD /* ViewController.m */,
				2B4576FB1B7E71AA00A30AAD /* HSAnotherViewController.h */,
				2B4576FC1B7E71AA00A30AAD /* HSAnotherViewController.m */,
			);
			name = ViewController;
			sourceTree = "<group>";
		};
		2B4576E71B7E555700A30AAD /* Model */ = {
			isa = PBXGroup;
			children = (
				2B4576E81B7E556900A30AAD /* HSUser.h */,
				2B4576E91B7E556900A30AAD /* HSUser.m */,
			);
			name = Model;
			sourceTree = "<group>";
		};
		2B4576EB1B7E575F00A30AAD /* ModelView */ = {
			isa = PBXGroup;
			children = (
				2B4576EC1B7E577400A30AAD /* HSUserModelView.h */,
				2B4576ED1B7E577400A30AAD /* HSUserModelView.m */,
			);
			name = ModelView;
			sourceTree = "<group>";
		};
		2B4576EF1B7E5E1900A30AAD /* Validator */ = {
			isa = PBXGroup;
			children = (
				2B4576F01B7E5E2C00A30AAD /* HSvalidator.h */,
				2B4576F11B7E5E2C00A30AAD /* HSvalidator.m */,
			);
			name = Validator;
			sourceTree = "<group>";
		};
		2B4576F31B7E5F6700A30AAD /* Categories */ = {
			isa = PBXGroup;
			children = (
				2B4576F41B7E614300A30AAD /* UIAlertView+Alerts.h */,
				2B4576F51B7E614300A30AAD /* UIAlertView+Alerts.m */,
				2B67D1661B7F7C9A0024ADF4 /* UIImage+TextWriting.h */,
				2B67D1671B7F7C9A0024ADF4 /* UIImage+TextWriting.m */,
			);
			name = Categories;
			sourceTree = "<group>";
		};
		2B4576F71B7E621400A30AAD /* View */ = {
			isa = PBXGroup;
			children = (
				2B4576F81B7E622900A30AAD /* HSFormView.h */,
				2B4576F91B7E622900A30AAD /* HSFormView.m */,
				2B4577011B7E725A00A30AAD /* HSSomeView.h */,
				2B4577021B7E725A00A30AAD /* HSSomeView.m */,
			);
			name = View;
			sourceTree = "<group>";
		};
/* End PBXGroup section */

/* Begin PBXNativeTarget section */
		2B4576B91B7E2FA900A30AAD /* HSStartAppzChallenge */ = {
			isa = PBXNativeTarget;
			buildConfigurationList = 2B4576DD1B7E2FA900A30AAD /* Build configuration list for PBXNativeTarget "HSStartAppzChallenge" */;
			buildPhases = (
				2B4576B61B7E2FA900A30AAD /* Sources */,
				2B4576B71B7E2FA900A30AAD /* Frameworks */,
				2B4576B81B7E2FA900A30AAD /* Resources */,
			);
			buildRules = (
			);
			dependencies = (
			);
			name = HSStartAppzChallenge;
			productName = HSStartAppzChallenge;
			productReference = 2B4576BA1B7E2FA900A30AAD /* HSStartAppzChallenge.app */;
			productType = "com.apple.product-type.application";
		};
		2B4576D21B7E2FA900A30AAD /* HSStartAppzChallengeTests */ = {
			isa = PBXNativeTarget;
			buildConfigurationList = 2B4576E01B7E2FA900A30AAD /* Build configuration list for PBXNativeTarget "HSStartAppzChallengeTests" */;
			buildPhases = (
				2B4576CF1B7E2FA900A30AAD /* Sources */,
				2B4576D01B7E2FA900A30AAD /* Frameworks */,
				2B4576D11B7E2FA900A30AAD /* Resources */,
			);
			buildRules = (
			);
			dependencies = (
				2B4576D51B7E2FA900A30AAD /* PBXTargetDependency */,
			);
			name = HSStartAppzChallengeTests;
			productName = HSStartAppzChallengeTests;
			productReference = 2B4576D31B7E2FA900A30AAD /* HSStartAppzChallengeTests.xctest */;
			productType = "com.apple.product-type.bundle.unit-test";
		};
/* End PBXNativeTarget section */

/* Begin PBXProject section */
		2B4576B21B7E2FA900A30AAD /* Project object */ = {
			isa = PBXProject;
			attributes = {
				LastUpgradeCheck = 0640;
				ORGANIZATIONNAME = "Halah Salih";
				TargetAttributes = {
					2B4576B91B7E2FA900A30AAD = {
						CreatedOnToolsVersion = 6.4;
					};
					2B4576D21B7E2FA900A30AAD = {
						CreatedOnToolsVersion = 6.4;
						TestTargetID = 2B4576B91B7E2FA900A30AAD;
					};
				};
			};
			buildConfigurationList = 2B4576B51B7E2FA900A30AAD /* Build configuration list for PBXProject "HSStartAppzChallenge" */;
			compatibilityVersion = "Xcode 3.2";
			developmentRegion = English;
			hasScannedForEncodings = 0;
			knownRegions = (
				en,
				Base,
			);
			mainGroup = 2B4576B11B7E2FA900A30AAD;
			productRefGroup = 2B4576BB1B7E2FA900A30AAD /* Products */;
			projectDirPath = "";
			projectRoot = "";
			targets = (
				2B4576B91B7E2FA900A30AAD /* HSStartAppzChallenge */,
				2B4576D21B7E2FA900A30AAD /* HSStartAppzChallengeTests */,
			);
		};
/* End PBXProject section */

/* Begin PBXResourcesBuildPhase section */
		2B4576B81B7E2FA900A30AAD /* Resources */ = {
			isa = PBXResourcesBuildPhase;
			buildActionMask = 2147483647;
			files = (
				2B67D16A1B7F83B70024ADF4 /* tumblr_nrg4jiZM671twh2h7o1_500.jpg in Resources */,
				2B4576CB1B7E2FA900A30AAD /* Images.xcassets in Resources */,
				2B4576E41B7E335A00A30AAD /* Default-568h@2x.png in Resources */,
			);
			runOnlyForDeploymentPostprocessing = 0;
		};
		2B4576D11B7E2FA900A30AAD /* Resources */ = {
			isa = PBXResourcesBuildPhase;
			buildActionMask = 2147483647;
			files = (
			);
			runOnlyForDeploymentPostprocessing = 0;
		};
/* End PBXResourcesBuildPhase section */

/* Begin PBXSourcesBuildPhase section */
		2B4576B61B7E2FA900A30AAD /* Sources */ = {
			isa = PBXSourcesBuildPhase;
			buildActionMask = 2147483647;
			files = (
				2B4576C61B7E2FA900A30AAD /* ViewController.m in Sources */,
				2B4576FA1B7E622900A30AAD /* HSFormView.m in Sources */,
				2B4576EA1B7E556900A30AAD /* HSUser.m in Sources */,
				2B4576F61B7E614300A30AAD /* UIAlertView+Alerts.m in Sources */,
				2B67D1681B7F7C9A0024ADF4 /* UIImage+TextWriting.m in Sources */,
				2B4576C31B7E2FA900A30AAD /* AppDelegate.m in Sources */,
				2B4577031B7E725A00A30AAD /* HSSomeView.m in Sources */,
				2B4576F21B7E5E2C00A30AAD /* HSvalidator.m in Sources */,
				2B4576C01B7E2FA900A30AAD /* main.m in Sources */,
				2B4576EE1B7E577400A30AAD /* HSUserModelView.m in Sources */,
				2B4576FD1B7E71AA00A30AAD /* HSAnotherViewController.m in Sources */,
			);
			runOnlyForDeploymentPostprocessing = 0;
		};
		2B4576CF1B7E2FA900A30AAD /* Sources */ = {
			isa = PBXSourcesBuildPhase;
			buildActionMask = 2147483647;
			files = (
				2B4576DA1B7E2FA900A30AAD /* HSStartAppzChallengeTests.m in Sources */,
			);
			runOnlyForDeploymentPostprocessing = 0;
		};
/* End PBXSourcesBuildPhase section */

/* Begin PBXTargetDependency section */
		2B4576D51B7E2FA900A30AAD /* PBXTargetDependency */ = {
			isa = PBXTargetDependency;
			target = 2B4576B91B7E2FA900A30AAD /* HSStartAppzChallenge */;
			targetProxy = 2B4576D41B7E2FA900A30AAD /* PBXContainerItemProxy */;
		};
/* End PBXTargetDependency section */

/* Begin XCBuildConfiguration section */
		2B4576DB1B7E2FA900A30AAD /* Debug */ = {
			isa = XCBuildConfiguration;
			buildSettings = {
				ALWAYS_SEARCH_USER_PATHS = NO;
				CLANG_CXX_LANGUAGE_STANDARD = "gnu++0x";
				CLANG_CXX_LIBRARY = "libc++";
				CLANG_ENABLE_MODULES = YES;
				CLANG_ENABLE_OBJC_ARC = YES;
				CLANG_WARN_BOOL_CONVERSION = YES;
				CLANG_WARN_CONSTANT_CONVERSION = YES;
				CLANG_WARN_DIRECT_OBJC_ISA_USAGE = YES_ERROR;
				CLANG_WARN_EMPTY_BODY = YES;
				CLANG_WARN_ENUM_CONVERSION = YES;
				CLANG_WARN_INT_CONVERSION = YES;
				CLANG_WARN_OBJC_ROOT_CLASS = YES_ERROR;
				CLANG_WARN_UNREACHABLE_CODE = YES;
				CLANG_WARN__DUPLICATE_METHOD_MATCH = YES;
				"CODE_SIGN_IDENTITY[sdk=iphoneos*]" = "iPhone Developer";
				COPY_PHASE_STRIP = NO;
				DEBUG_INFORMATION_FORMAT = "dwarf-with-dsym";
				ENABLE_STRICT_OBJC_MSGSEND = YES;
				GCC_C_LANGUAGE_STANDARD = gnu99;
				GCC_DYNAMIC_NO_PIC = NO;
				GCC_NO_COMMON_BLOCKS = YES;
				GCC_OPTIMIZATION_LEVEL = 0;
				GCC_PREPROCESSOR_DEFINITIONS = (
					"DEBUG=1",
					"$(inherited)",
				);
				GCC_SYMBOLS_PRIVATE_EXTERN = NO;
				GCC_WARN_64_TO_32_BIT_CONVERSION = YES;
				GCC_WARN_ABOUT_RETURN_TYPE = YES_ERROR;
				GCC_WARN_UNDECLARED_SELECTOR = YES;
				GCC_WARN_UNINITIALIZED_AUTOS = YES_AGGRESSIVE;
				GCC_WARN_UNUSED_FUNCTION = YES;
				GCC_WARN_UNUSED_VARIABLE = YES;
				IPHONEOS_DEPLOYMENT_TARGET = 8.4;
				MTL_ENABLE_DEBUG_INFO = YES;
				ONLY_ACTIVE_ARCH = YES;
				SDKROOT = iphoneos;
			};
			name = Debug;
		};
		2B4576DC1B7E2FA900A30AAD /* Release */ = {
			isa = XCBuildConfiguration;
			buildSettings = {
				ALWAYS_SEARCH_USER_PATHS = NO;
				CLANG_CXX_LANGUAGE_STANDARD = "gnu++0x";
				CLANG_CXX_LIBRARY = "libc++";
				CLANG_ENABLE_MODULES = YES;
				CLANG_ENABLE_OBJC_ARC = YES;
				CLANG_WARN_BOOL_CONVERSION = YES;
				CLANG_WARN_CONSTANT_CONVERSION = YES;
				CLANG_WARN_DIRECT_OBJC_ISA_USAGE = YES_ERROR;
				CLANG_WARN_EMPTY_BODY = YES;
				CLANG_WARN_ENUM_CONVERSION = YES;
				CLANG_WARN_INT_CONVERSION = YES;
				CLANG_WARN_OBJC_ROOT_CLASS = YES_ERROR;
				CLANG_WARN_UNREACHABLE_CODE = YES;
				CLANG_WARN__DUPLICATE_METHOD_MATCH = YES;
				"CODE_SIGN_IDENTITY[sdk=iphoneos*]" = "iPhone Developer";
				COPY_PHASE_STRIP = NO;
				DEBUG_INFORMATION_FORMAT = "dwarf-with-dsym";
				ENABLE_NS_ASSERTIONS = NO;
				ENABLE_STRICT_OBJC_MSGSEND = YES;
				GCC_C_LANGUAGE_STANDARD = gnu99;
				GCC_NO_COMMON_BLOCKS = YES;
				GCC_WARN_64_TO_32_BIT_CONVERSION = YES;
				GCC_WARN_ABOUT_RETURN_TYPE = YES_ERROR;
				GCC_WARN_UNDECLARED_SELECTOR = YES;
				GCC_WARN_UNINITIALIZED_AUTOS = YES_AGGRESSIVE;
				GCC_WARN_UNUSED_FUNCTION = YES;
				GCC_WARN_UNUSED_VARIABLE = YES;
				IPHONEOS_DEPLOYMENT_TARGET = 8.4;
				MTL_ENABLE_DEBUG_INFO = NO;
				SDKROOT = iphoneos;
				VALIDATE_PRODUCT = YES;
			};
			name = Release;
		};
		2B4576DE1B7E2FA900A30AAD /* Debug */ = {
			isa = XCBuildConfiguration;
			buildSettings = {
				ASSETCATALOG_COMPILER_APPICON_NAME = AppIcon;
				INFOPLIST_FILE = HSStartAppzChallenge/Info.plist;
				LD_RUNPATH_SEARCH_PATHS = "$(inherited) @executable_path/Frameworks";
				PRODUCT_NAME = "$(TARGET_NAME)";
			};
			name = Debug;
		};
		2B4576DF1B7E2FA900A30AAD /* Release */ = {
			isa = XCBuildConfiguration;
			buildSettings = {
				ASSETCATALOG_COMPILER_APPICON_NAME = AppIcon;
				INFOPLIST_FILE = HSStartAppzChallenge/Info.plist;
				LD_RUNPATH_SEARCH_PATHS = "$(inherited) @executable_path/Frameworks";
				PRODUCT_NAME = "$(TARGET_NAME)";
			};
			name = Release;
		};
		2B4576E11B7E2FA900A30AAD /* Debug */ = {
			isa = XCBuildConfiguration;
			buildSettings = {
				BUNDLE_LOADER = "$(TEST_HOST)";
				FRAMEWORK_SEARCH_PATHS = (
					"$(SDKROOT)/Developer/Library/Frameworks",
					"$(inherited)",
				);
				GCC_PREPROCESSOR_DEFINITIONS = (
					"DEBUG=1",
					"$(inherited)",
				);
				INFOPLIST_FILE = HSStartAppzChallengeTests/Info.plist;
				LD_RUNPATH_SEARCH_PATHS = "$(inherited) @executable_path/Frameworks @loader_path/Frameworks";
				PRODUCT_NAME = "$(TARGET_NAME)";
				TEST_HOST = "$(BUILT_PRODUCTS_DIR)/HSStartAppzChallenge.app/HSStartAppzChallenge";
			};
			name = Debug;
		};
		2B4576E21B7E2FA900A30AAD /* Release */ = {
			isa = XCBuildConfiguration;
			buildSettings = {
				BUNDLE_LOADER = "$(TEST_HOST)";
				FRAMEWORK_SEARCH_PATHS = (
					"$(SDKROOT)/Developer/Library/Frameworks",
					"$(inherited)",
				);
				INFOPLIST_FILE = HSStartAppzChallengeTests/Info.plist;
				LD_RUNPATH_SEARCH_PATHS = "$(inherited) @executable_path/Frameworks @loader_path/Frameworks";
				PRODUCT_NAME = "$(TARGET_NAME)";
				TEST_HOST = "$(BUILT_PRODUCTS_DIR)/HSStartAppzChallenge.app/HSStartAppzChallenge";
			};
			name = Release;
		};
/* End XCBuildConfiguration section */

/* Begin XCConfigurationList section */
		2B4576B51B7E2FA900A30AAD /* Build configuration list for PBXProject "HSStartAppzChallenge" */ = {
			isa = XCConfigurationList;
			buildConfigurations = (
				2B4576DB1B7E2FA900A30AAD /* Debug */,
				2B4576DC1B7E2FA900A30AAD /* Release */,
			);
			defaultConfigurationIsVisible = 0;
			defaultConfigurationName = Release;
		};
		2B4576DD1B7E2FA900A30AAD /* Build configuration list for PBXNativeTarget "HSStartAppzChallenge" */ = {
			isa = XCConfigurationList;
			buildConfigurations = (
				2B4576DE1B7E2FA900A30AAD /* Debug */,
				2B4576DF1B7E2FA900A30AAD /* Release */,
			);
			defaultConfigurationIsVisible = 0;
			defaultConfigurationName = Release;
		};
		2B4576E01B7E2FA900A30AAD /* Build configuration list for PBXNativeTarget "HSStartAppzChallengeTests" */ = {
			isa = XCConfigurationList;
			buildConfigurations = (
				2B4576E11B7E2FA900A30AAD /* Debug */,
				2B4576E21B7E2FA900A30AAD /* Release */,
			);
			defaultConfigurationIsVisible = 0;
			defaultConfigurationName = Release;
		};
/* End XCConfigurationList section */
	};
	rootObject = 2B4576B21B7E2FA900A30AAD /* Project object */;
}
